
Microsoft Visual Studio Solution File, Format Version 12.00
Project("{FAE04EC0-301F-11D3-BF4B-00C04F79EFBC}") = "Mycelium.SDK", "Mycelium.SDK\Mycelium.SDK.csproj", "{023AB6D2-D7E2-41E1-83F7-1A921EF9F0F3}"
EndProject
Project("{FAE04EC0-301F-11D3-BF4B-00C04F79EFBC}") = "Mycelium.SDK.Tests", "Mycelium.SDK.Tests\Mycelium.SDK.Tests.csproj", "{D2959663-AC52-4BB4-9461-773B81AC5E79}"
EndProject
Global
	GlobalSection(SolutionConfigurationPlatforms) = preSolution
		Debug|Any CPU = Debug|Any CPU
		Release|Any CPU = Release|Any CPU
	EndGlobalSection
	GlobalSection(ProjectConfigurationPlatforms) = postSolution
		{023AB6D2-D7E2-41E1-83F7-1A921EF9F0F3}.Debug|Any CPU.ActiveCfg = Debug|Any CPU
		{023AB6D2-D7E2-41E1-83F7-1A921EF9F0F3}.Debug|Any CPU.Build.0 = Debug|Any CPU
		{023AB6D2-D7E2-41E1-83F7-1A921EF9F0F3}.Release|Any CPU.ActiveCfg = Release|Any CPU
		{023AB6D2-D7E2-41E1-83F7-1A921EF9F0F3}.Release|Any CPU.Build.0 = Release|Any CPU
		{D2959663-AC52-4BB4-9461-773B81AC5E79}.Debug|Any CPU.ActiveCfg = Debug|Any CPU
		{D2959663-AC52-4BB4-9461-773B81AC5E79}.Debug|Any CPU.Build.0 = Debug|Any CPU
		{D2959663-AC52-4BB4-9461-773B81AC5E79}.Release|Any CPU.ActiveCfg = Release|Any CPU
		{D2959663-AC52-4BB4-9461-773B81AC5E79}.Release|Any CPU.Build.0 = Release|Any CPU
	EndGlobalSection
EndGlobal
